// !$*UTF8*$!
{
	archiveVersion = 1;
	classes = {
	};
	objectVersion = 46;
	objects = {

/* Begin PBXBuildFile section */
		4350DFE41CA85630005C0DC7 /* AppDelegate.swift in Sources */ = {isa = PBXBuildFile; fileRef = 4350DFE31CA85630005C0DC7 /* AppDelegate.swift */; };
		4350DFE61CA85630005C0DC7 /* MealViewController.swift in Sources */ = {isa = PBXBuildFile; fileRef = 4350DFE51CA85630005C0DC7 /* MealViewController.swift */; };
		4350DFE91CA85630005C0DC7 /* Main.storyboard in Resources */ = {isa = PBXBuildFile; fileRef = 4350DFE71CA85630005C0DC7 /* Main.storyboard */; };
		4350DFEB1CA85630005C0DC7 /* Assets.xcassets in Resources */ = {isa = PBXBuildFile; fileRef = 4350DFEA1CA85630005C0DC7 /* Assets.xcassets */; };
		4350DFEE1CA85630005C0DC7 /* LaunchScreen.storyboard in Resources */ = {isa = PBXBuildFile; fileRef = 4350DFEC1CA85630005C0DC7 /* LaunchScreen.storyboard */; };
		4350DFF91CA85630005C0DC7 /* food_trackerTests.swift in Sources */ = {isa = PBXBuildFile; fileRef = 4350DFF81CA85630005C0DC7 /* food_trackerTests.swift */; };
		4376B0C51CA96AF700EE1EDD /* RatingControl.swift in Sources */ = {isa = PBXBuildFile; fileRef = 4376B0C41CA96AF700EE1EDD /* RatingControl.swift */; };
		43BFB86F1CAC1DFE0029A194 /* MealTableViewCell.swift in Sources */ = {isa = PBXBuildFile; fileRef = 43BFB86E1CAC1DFE0029A194 /* MealTableViewCell.swift */; };
		43BFB8711CAC228B0029A194 /* MealTableViewController.swift in Sources */ = {isa = PBXBuildFile; fileRef = 43BFB8701CAC228B0029A194 /* MealTableViewController.swift */; };
		43BFB8731CAC22DA0029A194 /* Meal.swift in Sources */ = {isa = PBXBuildFile; fileRef = 43BFB8721CAC22DA0029A194 /* Meal.swift */; };
/* End PBXBuildFile section */

/* Begin PBXContainerItemProxy section */
		4350DFF51CA85630005C0DC7 /* PBXContainerItemProxy */ = {
			isa = PBXContainerItemProxy;
			containerPortal = 4350DFD81CA8562F005C0DC7 /* Project object */;
			proxyType = 1;
			remoteGlobalIDString = 4350DFDF1CA8562F005C0DC7;
			remoteInfo = "food-tracker";
		};
/* End PBXContainerItemProxy section */

/* Begin PBXFileReference section */
		4350DFE01CA8562F005C0DC7 /* food-tracker.app */ = {isa = PBXFileReference; explicitFileType = wrapper.application; includeInIndex = 0; path = "food-tracker.app"; sourceTree = BUILT_PRODUCTS_DIR; };
		4350DFE31CA85630005C0DC7 /* AppDelegate.swift */ = {isa = PBXFileReference; lastKnownFileType = sourcecode.swift; path = AppDelegate.swift; sourceTree = "<group>"; };
		4350DFE51CA85630005C0DC7 /* MealViewController.swift */ = {isa = PBXFileReference; lastKnownFileType = sourcecode.swift; path = MealViewController.swift; sourceTree = "<group>"; };
		4350DFE81CA85630005C0DC7 /* Base */ = {isa = PBXFileReference; lastKnownFileType = file.storyboard; name = Base; path = Base.lproj/Main.storyboard; sourceTree = "<group>"; };
		4350DFEA1CA85630005C0DC7 /* Assets.xcassets */ = {isa = PBXFileReference; lastKnownFileType = folder.assetcatalog; path = Assets.xcassets; sourceTree = "<group>"; };
		4350DFED1CA85630005C0DC7 /* Base */ = {isa = PBXFileReference; lastKnownFileType = file.storyboard; name = Base; path = Base.lproj/LaunchScreen.storyboard; sourceTree = "<group>"; };
		4350DFEF1CA85630005C0DC7 /* Info.plist */ = {isa = PBXFileReference; lastKnownFileType = text.plist.xml; path = Info.plist; sourceTree = "<group>"; };
		4350DFF41CA85630005C0DC7 /* food-trackerTests.xctest */ = {isa = PBXFileReference; explicitFileType = wrapper.cfbundle; includeInIndex = 0; path = "food-trackerTests.xctest"; sourceTree = BUILT_PRODUCTS_DIR; };
		4350DFF81CA85630005C0DC7 /* food_trackerTests.swift */ = {isa = PBXFileReference; lastKnownFileType = sourcecode.swift; path = food_trackerTests.swift; sourceTree = "<group>"; };
		4350DFFA1CA85630005C0DC7 /* Info.plist */ = {isa = PBXFileReference; lastKnownFileType = text.plist.xml; path = Info.plist; sourceTree = "<group>"; };
		4376B0C41CA96AF700EE1EDD /* RatingControl.swift */ = {isa = PBXFileReference; fileEncoding = 4; lastKnownFileType = sourcecode.swift; path = RatingControl.swift; sourceTree = "<group>"; };
		43BFB86E1CAC1DFE0029A194 /* MealTableViewCell.swift */ = {isa = PBXFileReference; fileEncoding = 4; lastKnownFileType = sourcecode.swift; path = MealTableViewCell.swift; sourceTree = "<group>"; };
		43BFB8701CAC228B0029A194 /* MealTableViewController.swift */ = {isa = PBXFileReference; fileEncoding = 4; lastKnownFileType = sourcecode.swift; path = MealTableViewController.swift; sourceTree = "<group>"; };
		43BFB8721CAC22DA0029A194 /* Meal.swift */ = {isa = PBXFileReference; fileEncoding = 4; lastKnownFileType = sourcecode.swift; path = Meal.swift; sourceTree = "<group>"; };
/* End PBXFileReference section */

/* Begin PBXFrameworksBuildPhase section */
		4350DFDD1CA8562F005C0DC7 /* Frameworks */ = {
			isa = PBXFrameworksBuildPhase;
			buildActionMask = 2147483647;
			files = (
			);
			runOnlyForDeploymentPostprocessing = 0;
		};
		4350DFF11CA85630005C0DC7 /* Frameworks */ = {
			isa = PBXFrameworksBuildPhase;
			buildActionMask = 2147483647;
			files = (
			);
			runOnlyForDeploymentPostprocessing = 0;
		};
/* End PBXFrameworksBuildPhase section */

/* Begin PBXGroup section */
		4350DFD71CA8562F005C0DC7 = {
			isa = PBXGroup;
			children = (
				4350DFE21CA85630005C0DC7 /* food-tracker */,
				4350DFF71CA85630005C0DC7 /* food-trackerTests */,
				4350DFE11CA8562F005C0DC7 /* Products */,
			);
			sourceTree = "<group>";
		};
		4350DFE11CA8562F005C0DC7 /* Products */ = {
			isa = PBXGroup;
			children = (
				4350DFE01CA8562F005C0DC7 /* food-tracker.app */,
				4350DFF41CA85630005C0DC7 /* food-trackerTests.xctest */,
			);
			name = Products;
			sourceTree = "<group>";
		};
		4350DFE21CA85630005C0DC7 /* food-tracker */ = {
			isa = PBXGroup;
			children = (
				4350DFE31CA85630005C0DC7 /* AppDelegate.swift */,
				4350DFE51CA85630005C0DC7 /* MealViewController.swift */,
				4376B0C41CA96AF700EE1EDD /* RatingControl.swift */,
				4350DFE71CA85630005C0DC7 /* Main.storyboard */,
				4350DFEA1CA85630005C0DC7 /* Assets.xcassets */,
				4350DFEC1CA85630005C0DC7 /* LaunchScreen.storyboard */,
				4350DFEF1CA85630005C0DC7 /* Info.plist */,
				43BFB86E1CAC1DFE0029A194 /* MealTableViewCell.swift */,
				43BFB8701CAC228B0029A194 /* MealTableViewController.swift */,
				43BFB8721CAC22DA0029A194 /* Meal.swift */,
			);
			path = "food-tracker";
			sourceTree = "<group>";
		};
		4350DFF71CA85630005C0DC7 /* food-trackerTests */ = {
			isa = PBXGroup;
			children = (
				4350DFF81CA85630005C0DC7 /* food_trackerTests.swift */,
				4350DFFA1CA85630005C0DC7 /* Info.plist */,
			);
			path = "food-trackerTests";
			sourceTree = "<group>";
		};
/* End PBXGroup section */

/* Begin PBXNativeTarget section */
		4350DFDF1CA8562F005C0DC7 /* food-tracker */ = {
			isa = PBXNativeTarget;
			buildConfigurationList = 4350DFFD1CA85630005C0DC7 /* Build configuration list for PBXNativeTarget "food-tracker" */;
			buildPhases = (
				4350DFDC1CA8562F005C0DC7 /* Sources */,
				4350DFDD1CA8562F005C0DC7 /* Frameworks */,
				4350DFDE1CA8562F005C0DC7 /* Resources */,
			);
			buildRules = (
			);
			dependencies = (
			);
			name = "food-tracker";
			productName = "food-tracker";
			productReference = 4350DFE01CA8562F005C0DC7 /* food-tracker.app */;
			productType = "com.apple.product-type.application";
		};
		4350DFF31CA85630005C0DC7 /* food-trackerTests */ = {
			isa = PBXNativeTarget;
			buildConfigurationList = 4350E0001CA85630005C0DC7 /* Build configuration list for PBXNativeTarget "food-trackerTests" */;
			buildPhases = (
				4350DFF01CA85630005C0DC7 /* Sources */,
				4350DFF11CA85630005C0DC7 /* Frameworks */,
				4350DFF21CA85630005C0DC7 /* Resources */,
			);
			buildRules = (
			);
			dependencies = (
				4350DFF61CA85630005C0DC7 /* PBXTargetDependency */,
			);
			name = "food-trackerTests";
			productName = "food-trackerTests";
			productReference = 4350DFF41CA85630005C0DC7 /* food-trackerTests.xctest */;
			productType = "com.apple.product-type.bundle.unit-test";
		};
/* End PBXNativeTarget section */

/* Begin PBXProject section */
		4350DFD81CA8562F005C0DC7 /* Project object */ = {
			isa = PBXProject;
			attributes = {
				LastSwiftUpdateCheck = 0730;
				LastUpgradeCheck = 0730;
				ORGANIZATIONNAME = liusy182;
				TargetAttributes = {
					4350DFDF1CA8562F005C0DC7 = {
						CreatedOnToolsVersion = 7.3;
						DevelopmentTeam = QWD2QB5Q9R;
					};
					4350DFF31CA85630005C0DC7 = {
						CreatedOnToolsVersion = 7.3;
						DevelopmentTeam = QWD2QB5Q9R;
						TestTargetID = 4350DFDF1CA8562F005C0DC7;
					};
				};
			};
			buildConfigurationList = 4350DFDB1CA8562F005C0DC7 /* Build configuration list for PBXProject "food-tracker" */;
			compatibilityVersion = "Xcode 3.2";
			developmentRegion = English;
			hasScannedForEncodings = 0;
			knownRegions = (
				en,
				Base,
			);
			mainGroup = 4350DFD71CA8562F005C0DC7;
			productRefGroup = 4350DFE11CA8562F005C0DC7 /* Products */;
			projectDirPath = "";
			projectRoot = "";
			targets = (
				4350DFDF1CA8562F005C0DC7 /* food-tracker */,
				4350DFF31CA85630005C0DC7 /* food-trackerTests */,
			);
		};
/* End PBXProject section */

/* Begin PBXResourcesBuildPhase section */
		4350DFDE1CA8562F005C0DC7 /* Resources */ = {
			isa = PBXResourcesBuildPhase;
			buildActionMask = 2147483647;
			files = (
				4350DFEE1CA85630005C0DC7 /* LaunchScreen.storyboard in Resources */,
				4350DFEB1CA85630005C0DC7 /* Assets.xcassets in Resources */,
				4350DFE91CA85630005C0DC7 /* Main.storyboard in Resources */,
			);
			runOnlyForDeploymentPostprocessing = 0;
		};
		4350DFF21CA85630005C0DC7 /* Resources */ = {
			isa = PBXResourcesBuildPhase;
			buildActionMask = 2147483647;
			files = (
			);
			runOnlyForDeploymentPostprocessing = 0;
		};
/* End PBXResourcesBuildPhase section */

/* Begin PBXSourcesBuildPhase section */
		4350DFDC1CA8562F005C0DC7 /* Sources */ = {
			isa = PBXSourcesBuildPhase;
			buildActionMask = 2147483647;
			files = (
				43BFB8711CAC228B0029A194 /* MealTableViewController.swift in Sources */,
				43BFB86F1CAC1DFE0029A194 /* MealTableViewCell.swift in Sources */,
				4350DFE61CA85630005C0DC7 /* MealViewController.swift in Sources */,
				4376B0C51CA96AF700EE1EDD /* RatingControl.swift in Sources */,
				43BFB8731CAC22DA0029A194 /* Meal.swift in Sources */,
				4350DFE41CA85630005C0DC7 /* AppDelegate.swift in Sources */,
			);
			runOnlyForDeploymentPostprocessing = 0;
		};
		4350DFF01CA85630005C0DC7 /* Sources */ = {
			isa = PBXSourcesBuildPhase;
			buildActionMask = 2147483647;
			files = (
				4350DFF91CA85630005C0DC7 /* food_trackerTests.swift in Sources */,
			);
			runOnlyForDeploymentPostprocessing = 0;
		};
/* End PBXSourcesBuildPhase section */

/* Begin PBXTargetDependency section */
		4350DFF61CA85630005C0DC7 /* PBXTargetDependency */ = {
			isa = PBXTargetDependency;
			target = 4350DFDF1CA8562F005C0DC7 /* food-tracker */;
			targetProxy = 4350DFF51CA85630005C0DC7 /* PBXContainerItemProxy */;
		};
/* End PBXTargetDependency section */

/* Begin PBXVariantGroup section */
		4350DFE71CA85630005C0DC7 /* Main.storyboard */ = {
			isa = PBXVariantGroup;
			children = (
				4350DFE81CA85630005C0DC7 /* Base */,
			);
			name = Main.storyboard;
			sourceTree = "<group>";
		};
		4350DFEC1CA85630005C0DC7 /* LaunchScreen.storyboard */ = {
			isa = PBXVariantGroup;
			children = (
				4350DFED1CA85630005C0DC7 /* Base */,
			);
			name = LaunchScreen.storyboard;
			sourceTree = "<group>";
		};
/* End PBXVariantGroup section */

/* Begin XCBuildConfiguration section */
		4350DFFB1CA85630005C0DC7 /* Debug */ = {
			isa = XCBuildConfiguration;
			buildSettings = {
				ALWAYS_SEARCH_USER_PATHS = NO;
				CLANG_ANALYZER_NONNULL = YES;
				CLANG_CXX_LANGUAGE_STANDARD = "gnu++0x";
				CLANG_CXX_LIBRARY = "libc++";
				CLANG_ENABLE_MODULES = YES;
				CLANG_ENABLE_OBJC_ARC = YES;
				CLANG_WARN_BOOL_CONVERSION = YES;
				CLANG_WARN_CONSTANT_CONVERSION = YES;
				CLANG_WARN_DIRECT_OBJC_ISA_USAGE = YES_ERROR;
				CLANG_WARN_EMPTY_BODY = YES;
				CLANG_WARN_ENUM_CONVERSION = YES;
				CLANG_WARN_INT_CONVERSION = YES;
				CLANG_WARN_OBJC_ROOT_CLASS = YES_ERROR;
				CLANG_WARN_UNREACHABLE_CODE = YES;
				CLANG_WARN__DUPLICATE_METHOD_MATCH = YES;
				"CODE_SIGN_IDENTITY[sdk=iphoneos*]" = "iPhone Developer";
				COPY_PHASE_STRIP = NO;
				DEBUG_INFORMATION_FORMAT = dwarf;
				ENABLE_STRICT_OBJC_MSGSEND = YES;
				ENABLE_TESTABILITY = YES;
				GCC_C_LANGUAGE_STANDARD = gnu99;
				GCC_DYNAMIC_NO_PIC = NO;
				GCC_NO_COMMON_BLOCKS = YES;
				GCC_OPTIMIZATION_LEVEL = 0;
				GCC_PREPROCESSOR_DEFINITIONS = (
					"DEBUG=1",
					"$(inherited)",
				);
				GCC_WARN_64_TO_32_BIT_CONVERSION = YES;
				GCC_WARN_ABOUT_RETURN_TYPE = YES_ERROR;
				GCC_WARN_UNDECLARED_SELECTOR = YES;
				GCC_WARN_UNINITIALIZED_AUTOS = YES_AGGRESSIVE;
				GCC_WARN_UNUSED_FUNCTION = YES;
				GCC_WARN_UNUSED_VARIABLE = YES;
				IPHONEOS_DEPLOYMENT_TARGET = 9.3;
				MTL_ENABLE_DEBUG_INFO = YES;
				ONLY_ACTIVE_ARCH = YES;
				SDKROOT = iphoneos;
				SWIFT_OPTIMIZATION_LEVEL = "-Onone";
				TARGETED_DEVICE_FAMILY = "1,2";
			};
			name = Debug;
		};
		4350DFFC1CA85630005C0DC7 /* Release */ = {
			isa = XCBuildConfiguration;
			buildSettings = {
				ALWAYS_SEARCH_USER_PATHS = NO;
				CLANG_ANALYZER_NONNULL = YES;
				CLANG_CXX_LANGUAGE_STANDARD = "gnu++0x";
				CLANG_CXX_LIBRARY = "libc++";
				CLANG_ENABLE_MODULES = YES;
				CLANG_ENABLE_OBJC_ARC = YES;
				CLANG_WARN_BOOL_CONVERSION = YES;
				CLANG_WARN_CONSTANT_CONVERSION = YES;
				CLANG_WARN_DIRECT_OBJC_ISA_USAGE = YES_ERROR;
				CLANG_WARN_EMPTY_BODY = YES;
				CLANG_WARN_ENUM_CONVERSION = YES;
				CLANG_WARN_INT_CONVERSION = YES;
				CLANG_WARN_OBJC_ROOT_CLASS = YES_ERROR;
				CLANG_WARN_UNREACHABLE_CODE = YES;
				CLANG_WARN__DUPLICATE_METHOD_MATCH = YES;
				"CODE_SIGN_IDENTITY[sdk=iphoneos*]" = "iPhone Developer";
				COPY_PHASE_STRIP = NO;
				DEBUG_INFORMATION_FORMAT = "dwarf-with-dsym";
				ENABLE_NS_ASSERTIONS = NO;
				ENABLE_STRICT_OBJC_MSGSEND = YES;
				GCC_C_LANGUAGE_STANDARD = gnu99;
				GCC_NO_COMMON_BLOCKS = YES;
				GCC_WARN_64_TO_32_BIT_CONVERSION = YES;
				GCC_WARN_ABOUT_RETURN_TYPE = YES_ERROR;
				GCC_WARN_UNDECLARED_SELECTOR = YES;
				GCC_WARN_UNINITIALIZED_AUTOS = YES_AGGRESSIVE;
				GCC_WARN_UNUSED_FUNCTION = YES;
				GCC_WARN_UNUSED_VARIABLE = YES;
				IPHONEOS_DEPLOYMENT_TARGET = 9.3;
				MTL_ENABLE_DEBUG_INFO = NO;
				SDKROOT = iphoneos;
				TARGETED_DEVICE_FAMILY = "1,2";
				VALIDATE_PRODUCT = YES;
			};
			name = Release;
		};
		4350DFFE1CA85630005C0DC7 /* Debug */ = {
			isa = XCBuildConfiguration;
			buildSettings = {
				ASSETCATALOG_COMPILER_APPICON_NAME = AppIcon;
				INFOPLIST_FILE = "food-tracker/Info.plist";
				LD_RUNPATH_SEARCH_PATHS = "$(inherited) @executable_path/Frameworks";
				PRODUCT_BUNDLE_IDENTIFIER = "liusy182.food-tracker";
				PRODUCT_NAME = "$(TARGET_NAME)";
			};
			name = Debug;
		};
		4350DFFF1CA85630005C0DC7 /* Release */ = {
			isa = XCBuildConfiguration;
			buildSettings = {
				ASSETCATALOG_COMPILER_APPICON_NAME = AppIcon;
				INFOPLIST_FILE = "food-tracker/Info.plist";
				LD_RUNPATH_SEARCH_PATHS = "$(inherited) @executable_path/Frameworks";
				PRODUCT_BUNDLE_IDENTIFIER = "liusy182.food-tracker";
				PRODUCT_NAME = "$(TARGET_NAME)";
			};
			name = Release;
		};
		4350E0011CA85630005C0DC7 /* Debug */ = {
			isa = XCBuildConfiguration;
			buildSettings = {
				BUNDLE_LOADER = "$(TEST_HOST)";
				INFOPLIST_FILE = "food-trackerTests/Info.plist";
				LD_RUNPATH_SEARCH_PATHS = "$(inherited) @executable_path/Frameworks @loader_path/Frameworks";
				PRODUCT_BUNDLE_IDENTIFIER = "liusy182.food-trackerTests";
				PRODUCT_NAME = "$(TARGET_NAME)";
				TEST_HOST = "$(BUILT_PRODUCTS_DIR)/food-tracker.app/food-tracker";
			};
			name = Debug;
		};
		4350E0021CA85630005C0DC7 /* Release */ = {
			isa = XCBuildConfiguration;
			buildSettings = {
				BUNDLE_LOADER = "$(TEST_HOST)";
				INFOPLIST_FILE = "food-trackerTests/Info.plist";
				LD_RUNPATH_SEARCH_PATHS = "$(inherited) @executable_path/Frameworks @loader_path/Frameworks";
				PRODUCT_BUNDLE_IDENTIFIER = "liusy182.food-trackerTests";
				PRODUCT_NAME = "$(TARGET_NAME)";
				TEST_HOST = "$(BUILT_PRODUCTS_DIR)/food-tracker.app/food-tracker";
			};
			name = Release;
		};
/* End XCBuildConfiguration section */

/* Begin XCConfigurationList section */
		4350DFDB1CA8562F005C0DC7 /* Build configuration list for PBXProject "food-tracker" */ = {
			isa = XCConfigurationList;
			buildConfigurations = (
				4350DFFB1CA85630005C0DC7 /* Debug */,
				4350DFFC1CA85630005C0DC7 /* Release */,
			);
			defaultConfigurationIsVisible = 0;
			defaultConfigurationName = Release;
		};
		4350DFFD1CA85630005C0DC7 /* Build configuration list for PBXNativeTarget "food-tracker" */ = {
			isa = XCConfigurationList;
			buildConfigurations = (
				4350DFFE1CA85630005C0DC7 /* Debug */,
				4350DFFF1CA85630005C0DC7 /* Release */,
			);
			defaultConfigurationIsVisible = 0;
			defaultConfigurationName = Release;
		};
		4350E0001CA85630005C0DC7 /* Build configuration list for PBXNativeTarget "food-trackerTests" */ = {
			isa = XCConfigurationList;
			buildConfigurations = (
				4350E0011CA85630005C0DC7 /* Debug */,
				4350E0021CA85630005C0DC7 /* Release */,
			);
			defaultConfigurationIsVisible = 0;
			defaultConfigurationName = Release;
		};
/* End XCConfigurationList section */
	};
	rootObject = 4350DFD81CA8562F005C0DC7 /* Project object */;
}
